
Microsoft Visual Studio Solution File, Format Version 12.00
# Visual Studio 2013
VisualStudioVersion = 12.0.31101.0
MinimumVisualStudioVersion = 10.0.40219.1
Project("{FAE04EC0-301F-11D3-BF4B-00C04F79EFBC}") = "Problem 01. CustomLINQExtensionMethods", "Problem 01. CustomLINQExtensionMethods\Problem 01. CustomLINQExtensionMethods.csproj", "{0EA6F348-670D-4325-B2B0-8EDFCC1B8F58}"
EndProject
Project("{FAE04EC0-301F-11D3-BF4B-00C04F79EFBC}") = "Problem 02. InterestCalculator", "Problem 02. InterestCalculator\Problem 02. InterestCalculator.csproj", "{061A14A3-8A60-4A29-AB06-C597BB1E2B02}"
EndProject
Project("{FAE04EC0-301F-11D3-BF4B-00C04F79EFBC}") = "Problem 03. AsynchronousTimer", "Problem 03. AsynchronousTimer\Problem 03. AsynchronousTimer.csproj", "{DDB7DB62-61C2-4CE5-BE3B-5BB1AC801D81}"
EndProject
Global
	GlobalSection(SolutionConfigurationPlatforms) = preSolution
		Debug|Any CPU = Debug|Any CPU
		Release|Any CPU = Release|Any CPU
	EndGlobalSection
	GlobalSection(ProjectConfigurationPlatforms) = postSolution
		{0EA6F348-670D-4325-B2B0-8EDFCC1B8F58}.Debug|Any CPU.ActiveCfg = Debug|Any CPU
		{0EA6F348-670D-4325-B2B0-8EDFCC1B8F58}.Debug|Any CPU.Build.0 = Debug|Any CPU
		{0EA6F348-670D-4325-B2B0-8EDFCC1B8F58}.Release|Any CPU.ActiveCfg = Release|Any CPU
		{0EA6F348-670D-4325-B2B0-8EDFCC1B8F58}.Release|Any CPU.Build.0 = Release|Any CPU
		{061A14A3-8A60-4A29-AB06-C597BB1E2B02}.Debug|Any CPU.ActiveCfg = Debug|Any CPU
		{061A14A3-8A60-4A29-AB06-C597BB1E2B02}.Debug|Any CPU.Build.0 = Debug|Any CPU
		{061A14A3-8A60-4A29-AB06-C597BB1E2B02}.Release|Any CPU.ActiveCfg = Release|Any CPU
		{061A14A3-8A60-4A29-AB06-C597BB1E2B02}.Release|Any CPU.Build.0 = Release|Any CPU
		{DDB7DB62-61C2-4CE5-BE3B-5BB1AC801D81}.Debug|Any CPU.ActiveCfg = Debug|Any CPU
		{DDB7DB62-61C2-4CE5-BE3B-5BB1AC801D81}.Debug|Any CPU.Build.0 = Debug|Any CPU
		{DDB7DB62-61C2-4CE5-BE3B-5BB1AC801D81}.Release|Any CPU.ActiveCfg = Release|Any CPU
		{DDB7DB62-61C2-4CE5-BE3B-5BB1AC801D81}.Release|Any CPU.Build.0 = Release|Any CPU
	EndGlobalSection
	GlobalSection(SolutionProperties) = preSolution
		HideSolutionNode = FALSE
	EndGlobalSection
EndGlobal
